# THIS IS AN AUTOGENERATED FILE. DO NOT EDIT THIS FILE DIRECTLY.
# yarn lockfile v1


"@prisma/client@^4.7.1":
  version "4.7.1"
  resolved "https://registry.yarnpkg.com/@prisma/client/-/client-4.7.1.tgz#66fe84aca25de17cb3d9141dec003f34714914b9"
  integrity sha512-/GbnOwIPtjiveZNUzGXOdp7RxTEkHL4DZP3vBaFNadfr6Sf0RshU5EULFzVaSi9i9PIK9PYd+1Rn7z2B2npb9w==
  dependencies:
    "@prisma/engines-version" "4.7.1-1.272861e07ab64f234d3ffc4094e32bd61775599c"

"@prisma/engines-version@4.7.1-1.272861e07ab64f234d3ffc4094e32bd61775599c":
  version "4.7.1-1.272861e07ab64f234d3ffc4094e32bd61775599c"
  resolved "https://registry.yarnpkg.com/@prisma/engines-version/-/engines-version-4.7.1-1.272861e07ab64f234d3ffc4094e32bd61775599c.tgz#43ff7d85478e64a1d790e4d53e78768a2acfacfe"
  integrity sha512-Bd4LZ+WAnUHOq31e9X/ihi5zPlr4SzTRwUZZYxvWOxlerIZ7HJlVa9zXpuKTKLpI9O1l8Ec4OYCKsivWCs5a3Q==

"@prisma/engines@4.7.1":
  version "4.7.1"
  resolved "https://registry.yarnpkg.com/@prisma/engines/-/engines-4.7.1.tgz#d657d4d05724158140022fa00614e143643090c2"
  integrity sha512-zWabHosTdLpXXlMefHmnouhXMoTB1+SCbUU3t4FCmdrtIOZcarPKU3Alto7gm/pZ9vHlGOXHCfVZ1G7OIrSbog==

"@tanstack/query-core@4.19.1":
  version "4.19.1"
  resolved "https://registry.yarnpkg.com/@tanstack/query-core/-/query-core-4.19.1.tgz#2e92d9e8a50884eb231c5beb4386e131ebe34306"
  integrity sha512-Zp0aIose5C8skBzqbVFGk9HJsPtUhRVDVNWIqVzFbGQQgYSeLZMd3Sdb4+EnA5wl1J7X+bre2PJGnQg9x/zHOA==

"@tanstack/react-query@^4.19.1":
  version "4.19.1"
  resolved "https://registry.yarnpkg.com/@tanstack/react-query/-/react-query-4.19.1.tgz#43356dd537127e76d75f5a2769eb23dafd9a3690"
  integrity sha512-5dvHvmc0vrWI03AJugzvKfirxCyCLe+qawrWFCXdu8t7dklIhJ7D5ZhgTypv7mMtIpdHPcECtCiT/+V74wCn2A==
  dependencies:
    "@tanstack/query-core" "4.19.1"
    use-sync-external-store "^1.2.0"

"@trpc/react-query@^10.4.3":
  version "10.5.0"
  resolved "https://registry.yarnpkg.com/@trpc/react-query/-/react-query-10.5.0.tgz#458ee92aed7f36ace621621dab9476cc2370fc90"
  integrity sha512-MBjgssZBy1ZRZVRE4uvnVu7AGcdOhL47Y1NIPGd5WG5ZisNrV6imf7yZ62uNDemnekwTuJT/Lad9r14swvmvzQ==

"@trpc/server@^10.4.3":
  version "10.5.0"
  resolved "https://registry.yarnpkg.com/@trpc/server/-/server-10.5.0.tgz#318d7de7550b7cb01bfd08b036d3a0321b19df80"
  integrity sha512-AJ4ckDpnN8xuqWBox68KDTFpG12ZxKkW7fi9XJ+TLtyyNyqOMVUvKH9070CdxhqBZjebTASryE+/6lntkDFQxA==

"@types/node@^18.11.13":
  version "18.11.13"
  resolved "https://registry.yarnpkg.com/@types/node/-/node-18.11.13.tgz#dff34f226ec1ac0432ae3b136ec5552bd3b9c0fe"
  integrity sha512-IASpMGVcWpUsx5xBOrxMj7Bl8lqfuTY7FKAnPmu5cHkfQVWF8GulWS1jbRqA934qZL35xh5xN/+Xe/i26Bod4w==

copy-anything@^3.0.2:
  version "3.0.3"
  resolved "https://registry.yarnpkg.com/copy-anything/-/copy-anything-3.0.3.tgz#206767156f08da0e02efd392f71abcdf79643559"
  integrity sha512-fpW2W/BqEzqPp29QS+MwwfisHCQZtiduTe/m8idFo0xbti9fIZ2WVhAsCv4ggFVH3AgCkVdpoOCtQC6gBrdhjw==
  dependencies:
    is-what "^4.1.8"

is-what@^4.1.8:
  version "4.1.8"
  resolved "https://registry.yarnpkg.com/is-what/-/is-what-4.1.8.tgz#0e2a8807fda30980ddb2571c79db3d209b14cbe4"
  integrity sha512-yq8gMao5upkPoGEU9LsB2P+K3Kt8Q3fQFCGyNCWOAnJAMzEXVV9drYb0TXr42TTliLLhKIBvulgAXgtLLnwzGA==

prisma@^4.7.1:
  version "4.7.1"
  resolved "https://registry.yarnpkg.com/prisma/-/prisma-4.7.1.tgz#0a1beac26abdc4421e496b75eb50413f3ee3b0ba"
  integrity sha512-CCQP+m+1qZOGIZlvnL6T3ZwaU0LAleIHYFPN9tFSzjs/KL6vH9rlYbGOkTuG9Q1s6Ki5D0LJlYlW18Z9EBUpGg==
  dependencies:
    "@prisma/engines" "4.7.1"

superjson@^1.12.0:
  version "1.12.0"
  resolved "https://registry.yarnpkg.com/superjson/-/superjson-1.12.0.tgz#7b314b982bfebc5b8e56054b8528813fdda8fc7a"
  integrity sha512-B4tefmFqj8KDShHi2br2rz0kBlUJuQHtxMCydEuHvooL+6EscROTNWRfOLMDxW1dS/daK2zZr3C3N9DU+jXATQ==
  dependencies:
    copy-anything "^3.0.2"

typescript@^4.9.4:
  version "4.9.4"
  resolved "https://registry.yarnpkg.com/typescript/-/typescript-4.9.4.tgz#a2a3d2756c079abda241d75f149df9d561091e78"
  integrity sha512-Uz+dTXYzxXXbsFpM86Wh3dKCxrQqUcVMxwU54orwlJjOpO3ao8L7j5lH+dWfTwgCwIuM9GQ2kvVotzYJMXTBZg==

use-sync-external-store@^1.2.0:
  version "1.2.0"
  resolved "https://registry.yarnpkg.com/use-sync-external-store/-/use-sync-external-store-1.2.0.tgz#7dbefd6ef3fe4e767a0cf5d7287aacfb5846928a"
  integrity sha512-eEgnFxGQ1Ife9bzYs6VLi8/4X6CObHMw9Qr9tPY43iKwsPw8xE8+EFsf/2cFZ5S3esXgpWgtSCtLNS41F+sKPA==

zod@^3.19.1:
  version "3.20.0"
  resolved "https://registry.yarnpkg.com/zod/-/zod-3.20.0.tgz#999f50f41c7c69569c77721c9372987991ba1c3a"
  integrity sha512-ZWxs7oM5ixoo1BMoxTNeDMYSih/F/FUnExsnRtHT04rG6q0Bd74TKS45RGXw07TOalOZyyzdKaYH38k8yTEv9A==
